
Microsoft Visual Studio Solution File, Format Version 12.00
# Visual Studio Version 17
VisualStudioVersion = 17.1.32421.90
MinimumVisualStudioVersion = 10.0.40219.1
Project("{FAE04EC0-301F-11D3-BF4B-00C04F79EFBC}") = "Yottabyte-mobile-app.Android", "Yottabyte-mobile-app\Yottabyte-mobile-app.Android\Yottabyte-mobile-app.Android.csproj", "{26FCC304-5905-4218-909D-DAB7A0A57CCD}"
EndProject
Project("{FAE04EC0-301F-11D3-BF4B-00C04F79EFBC}") = "Yottabyte-mobile-app.iOS", "Yottabyte-mobile-app\Yottabyte-mobile-app.iOS\Yottabyte-mobile-app.iOS.csproj", "{B80DCEBA-F245-4E2B-976C-1693282D6613}"
EndProject
Project("{FAE04EC0-301F-11D3-BF4B-00C04F79EFBC}") = "Yottabyte-mobile-app", "Yottabyte-mobile-app\Yottabyte-mobile-app\Yottabyte-mobile-app.csproj", "{93145924-CD84-480E-9582-749220AB4B95}"
EndProject
Global
	GlobalSection(SolutionConfigurationPlatforms) = preSolution
		Debug|Any CPU = Debug|Any CPU
		Debug|iPhone = Debug|iPhone
		Debug|iPhoneSimulator = Debug|iPhoneSimulator
		Release|Any CPU = Release|Any CPU
		Release|iPhone = Release|iPhone
		Release|iPhoneSimulator = Release|iPhoneSimulator
	EndGlobalSection
	GlobalSection(ProjectConfigurationPlatforms) = postSolution
		{26FCC304-5905-4218-909D-DAB7A0A57CCD}.Debug|Any CPU.ActiveCfg = Debug|Any CPU
		{26FCC304-5905-4218-909D-DAB7A0A57CCD}.Debug|Any CPU.Build.0 = Debug|Any CPU
		{26FCC304-5905-4218-909D-DAB7A0A57CCD}.Debug|Any CPU.Deploy.0 = Debug|Any CPU
		{26FCC304-5905-4218-909D-DAB7A0A57CCD}.Debug|iPhone.ActiveCfg = Debug|Any CPU
		{26FCC304-5905-4218-909D-DAB7A0A57CCD}.Debug|iPhone.Build.0 = Debug|Any CPU
		{26FCC304-5905-4218-909D-DAB7A0A57CCD}.Debug|iPhone.Deploy.0 = Debug|Any CPU
		{26FCC304-5905-4218-909D-DAB7A0A57CCD}.Debug|iPhoneSimulator.ActiveCfg = Debug|Any CPU
		{26FCC304-5905-4218-909D-DAB7A0A57CCD}.Debug|iPhoneSimulator.Build.0 = Debug|Any CPU
		{26FCC304-5905-4218-909D-DAB7A0A57CCD}.Debug|iPhoneSimulator.Deploy.0 = Debug|Any CPU
		{26FCC304-5905-4218-909D-DAB7A0A57CCD}.Release|Any CPU.ActiveCfg = Release|Any CPU
		{26FCC304-5905-4218-909D-DAB7A0A57CCD}.Release|Any CPU.Build.0 = Release|Any CPU
		{26FCC304-5905-4218-909D-DAB7A0A57CCD}.Release|Any CPU.Deploy.0 = Release|Any CPU
		{26FCC304-5905-4218-909D-DAB7A0A57CCD}.Release|iPhone.ActiveCfg = Release|Any CPU
		{26FCC304-5905-4218-909D-DAB7A0A57CCD}.Release|iPhone.Build.0 = Release|Any CPU
		{26FCC304-5905-4218-909D-DAB7A0A57CCD}.Release|iPhone.Deploy.0 = Release|Any CPU
		{26FCC304-5905-4218-909D-DAB7A0A57CCD}.Release|iPhoneSimulator.ActiveCfg = Release|Any CPU
		{26FCC304-5905-4218-909D-DAB7A0A57CCD}.Release|iPhoneSimulator.Build.0 = Release|Any CPU
		{26FCC304-5905-4218-909D-DAB7A0A57CCD}.Release|iPhoneSimulator.Deploy.0 = Release|Any CPU
		{B80DCEBA-F245-4E2B-976C-1693282D6613}.Debug|Any CPU.ActiveCfg = Debug|iPhone
		{B80DCEBA-F245-4E2B-976C-1693282D6613}.Debug|Any CPU.Build.0 = Debug|iPhone
		{B80DCEBA-F245-4E2B-976C-1693282D6613}.Debug|Any CPU.Deploy.0 = Debug|iPhone
		{B80DCEBA-F245-4E2B-976C-1693282D6613}.Debug|iPhone.ActiveCfg = Debug|iPhone
		{B80DCEBA-F245-4E2B-976C-1693282D6613}.Debug|iPhone.Build.0 = Debug|iPhone
		{B80DCEBA-F245-4E2B-976C-1693282D6613}.Debug|iPhone.Deploy.0 = Debug|iPhone
		{B80DCEBA-F245-4E2B-976C-1693282D6613}.Debug|iPhoneSimulator.ActiveCfg = Debug|iPhoneSimulator
		{B80DCEBA-F245-4E2B-976C-1693282D6613}.Debug|iPhoneSimulator.Build.0 = Debug|iPhoneSimulator
		{B80DCEBA-F245-4E2B-976C-1693282D6613}.Debug|iPhoneSimulator.Deploy.0 = Debug|iPhoneSimulator
		{B80DCEBA-F245-4E2B-976C-1693282D6613}.Release|Any CPU.ActiveCfg = Release|iPhoneSimulator
		{B80DCEBA-F245-4E2B-976C-1693282D6613}.Release|Any CPU.Build.0 = Release|iPhoneSimulator
		{B80DCEBA-F245-4E2B-976C-1693282D6613}.Release|Any CPU.Deploy.0 = Release|iPhoneSimulator
		{B80DCEBA-F245-4E2B-976C-1693282D6613}.Release|iPhone.ActiveCfg = Release|iPhone
		{B80DCEBA-F245-4E2B-976C-1693282D6613}.Release|iPhone.Build.0 = Release|iPhone
		{B80DCEBA-F245-4E2B-976C-1693282D6613}.Release|iPhone.Deploy.0 = Release|iPhone
		{B80DCEBA-F245-4E2B-976C-1693282D6613}.Release|iPhoneSimulator.ActiveCfg = Release|iPhoneSimulator
		{B80DCEBA-F245-4E2B-976C-1693282D6613}.Release|iPhoneSimulator.Build.0 = Release|iPhoneSimulator
		{B80DCEBA-F245-4E2B-976C-1693282D6613}.Release|iPhoneSimulator.Deploy.0 = Release|iPhoneSimulator
		{93145924-CD84-480E-9582-749220AB4B95}.Debug|Any CPU.ActiveCfg = Debug|Any CPU
		{93145924-CD84-480E-9582-749220AB4B95}.Debug|Any CPU.Build.0 = Debug|Any CPU
		{93145924-CD84-480E-9582-749220AB4B95}.Debug|Any CPU.Deploy.0 = Debug|Any CPU
		{93145924-CD84-480E-9582-749220AB4B95}.Debug|iPhone.ActiveCfg = Debug|Any CPU
		{93145924-CD84-480E-9582-749220AB4B95}.Debug|iPhone.Build.0 = Debug|Any CPU
		{93145924-CD84-480E-9582-749220AB4B95}.Debug|iPhone.Deploy.0 = Debug|Any CPU
		{93145924-CD84-480E-9582-749220AB4B95}.Debug|iPhoneSimulator.ActiveCfg = Debug|Any CPU
		{93145924-CD84-480E-9582-749220AB4B95}.Debug|iPhoneSimulator.Build.0 = Debug|Any CPU
		{93145924-CD84-480E-9582-749220AB4B95}.Debug|iPhoneSimulator.Deploy.0 = Debug|Any CPU
		{93145924-CD84-480E-9582-749220AB4B95}.Release|Any CPU.ActiveCfg = Release|Any CPU
		{93145924-CD84-480E-9582-749220AB4B95}.Release|Any CPU.Build.0 = Release|Any CPU
		{93145924-CD84-480E-9582-749220AB4B95}.Release|Any CPU.Deploy.0 = Release|Any CPU
		{93145924-CD84-480E-9582-749220AB4B95}.Release|iPhone.ActiveCfg = Release|Any CPU
		{93145924-CD84-480E-9582-749220AB4B95}.Release|iPhone.Build.0 = Release|Any CPU
		{93145924-CD84-480E-9582-749220AB4B95}.Release|iPhone.Deploy.0 = Release|Any CPU
		{93145924-CD84-480E-9582-749220AB4B95}.Release|iPhoneSimulator.ActiveCfg = Release|Any CPU
		{93145924-CD84-480E-9582-749220AB4B95}.Release|iPhoneSimulator.Build.0 = Release|Any CPU
		{93145924-CD84-480E-9582-749220AB4B95}.Release|iPhoneSimulator.Deploy.0 = Release|Any CPU
	EndGlobalSection
	GlobalSection(SolutionProperties) = preSolution
		HideSolutionNode = FALSE
	EndGlobalSection
	GlobalSection(ExtensibilityGlobals) = postSolution
		SolutionGuid = {D4E63544-6299-4979-B2E3-ADA4CF0F5FDA}
	EndGlobalSection
EndGlobal
