PODS:
  - dji (1.0.0):
    - DJI-SDK-iOS (~> 4.16.1)
    - DJI-UXSDK-iOS (~> 4.16)
    - DJIWidget (~> 1.6.6)
    - Flutter
  - DJI-SDK-iOS (4.16.2)
  - DJI-UXSDK-iOS (4.16.2)
  - DJIWidget (1.6.8)
  - Flutter (1.0.0)
  - geolocator_apple (1.2.0):
    - Flutter
  - Mapbox-iOS-SDK (6.4.1):
    - MapboxMobileEvents (~> 0.10.12)
  - mapbox_gl (0.0.1):
    - Flutter
    - Mapbox-iOS-SDK (~> 6.4.0)
    - MapboxAnnotationExtension (~> 0.0.1-beta.1)
  - MapboxAnnotationExtension (0.0.1-beta.2):
    - Mapbox-iOS-SDK (~> 6.0)
  - MapboxMobileEvents (0.10.14)

DEPENDENCIES:
  - dji (from `.symlinks/plugins/dji/ios`)
  - Flutter (from `Flutter`)
  - geolocator_apple (from `.symlinks/plugins/geolocator_apple/ios`)
  - mapbox_gl (from `.symlinks/plugins/mapbox_gl/ios`)

SPEC REPOS:
  trunk:
    - DJI-SDK-iOS
    - DJI-UXSDK-iOS
    - DJIWidget
    - Mapbox-iOS-SDK
    - MapboxAnnotationExtension
    - MapboxMobileEvents

EXTERNAL SOURCES:
  dji:
    :path: ".symlinks/plugins/dji/ios"
  Flutter:
    :path: Flutter
  geolocator_apple:
    :path: ".symlinks/plugins/geolocator_apple/ios"
  mapbox_gl:
    :path: ".symlinks/plugins/mapbox_gl/ios"

SPEC CHECKSUMS:
  dji: eb081a7b00216eb5e6b7a3481da0d95052a706c9
  DJI-SDK-iOS: 44308a021c3b95a912be52c4e7a8e0a27e5434f5
  DJI-UXSDK-iOS: 8a9db4bda9fcc38ccf9861fb7d7ba30d44c7791c
  DJIWidget: 9d92abb52888cd6296717c93feacd8a703bf678a
  Flutter: f04841e97a9d0b0a8025694d0796dd46242b2854
  geolocator_apple: cc556e6844d508c95df1e87e3ea6fa4e58c50401
  Mapbox-iOS-SDK: f870f83cbdc7aa4a74afcee143aafb0dae390c82
  mapbox_gl: 33c5ab6306cbfa72289bb3606d2cd2e8baee9ff0
  MapboxAnnotationExtension: 4eee6c26349ef6d909f1a23a7eae2d0f7ca5fa7d
  MapboxMobileEvents: 5a172cc9bbf8ac0e45ba86095cbee685ede248cc

PODFILE CHECKSUM: f8b44afcf094fdea113c806614b2eadfa77f294c

COCOAPODS: 1.12.0
